
Microsoft Visual Studio Solution File, Format Version 12.00
# Visual Studio Version 17
VisualStudioVersion = 17.7.34003.232
MinimumVisualStudioVersion = 10.0.40219.1
Project("{9A19103F-16F7-4668-BE54-9A1E7A4F7556}") = "Assette.Editors.ModelMapper", "Assette.Editors.ModelMapper\Assette.Editors.ModelMapper.csproj", "{1DD49ECD-855D-46D3-9A28-3C45A08BFF38}"
EndProject
Project("{9A19103F-16F7-4668-BE54-9A1E7A4F7556}") = "Assette.Editors.FormGenerator", "Assette.Editors.FormGenerator\Assette.Editors.FormGenerator.csproj", "{692C992F-0CD4-4870-B736-BF51F3058E5F}"
EndProject
Project("{9A19103F-16F7-4668-BE54-9A1E7A4F7556}") = "Assette.Editors.FormGenerator.Test", "Assette.Editors.FormGenerator.Test\Assette.Editors.FormGenerator.Test.csproj", "{E14F4FD4-6E24-4796-B333-2856EC1A3059}"
EndProject
Global
	GlobalSection(SolutionConfigurationPlatforms) = preSolution
		Debug|Any CPU = Debug|Any CPU
		Release|Any CPU = Release|Any CPU
	EndGlobalSection
	GlobalSection(ProjectConfigurationPlatforms) = postSolution
		{1DD49ECD-855D-46D3-9A28-3C45A08BFF38}.Debug|Any CPU.ActiveCfg = Debug|Any CPU
		{1DD49ECD-855D-46D3-9A28-3C45A08BFF38}.Debug|Any CPU.Build.0 = Debug|Any CPU
		{1DD49ECD-855D-46D3-9A28-3C45A08BFF38}.Release|Any CPU.ActiveCfg = Release|Any CPU
		{1DD49ECD-855D-46D3-9A28-3C45A08BFF38}.Release|Any CPU.Build.0 = Release|Any CPU
		{692C992F-0CD4-4870-B736-BF51F3058E5F}.Debug|Any CPU.ActiveCfg = Debug|Any CPU
		{692C992F-0CD4-4870-B736-BF51F3058E5F}.Debug|Any CPU.Build.0 = Debug|Any CPU
		{692C992F-0CD4-4870-B736-BF51F3058E5F}.Release|Any CPU.ActiveCfg = Release|Any CPU
		{692C992F-0CD4-4870-B736-BF51F3058E5F}.Release|Any CPU.Build.0 = Release|Any CPU
		{E14F4FD4-6E24-4796-B333-2856EC1A3059}.Debug|Any CPU.ActiveCfg = Debug|Any CPU
		{E14F4FD4-6E24-4796-B333-2856EC1A3059}.Debug|Any CPU.Build.0 = Debug|Any CPU
		{E14F4FD4-6E24-4796-B333-2856EC1A3059}.Release|Any CPU.ActiveCfg = Release|Any CPU
		{E14F4FD4-6E24-4796-B333-2856EC1A3059}.Release|Any CPU.Build.0 = Release|Any CPU
	EndGlobalSection
	GlobalSection(SolutionProperties) = preSolution
		HideSolutionNode = FALSE
	EndGlobalSection
	GlobalSection(ExtensibilityGlobals) = postSolution
		SolutionGuid = {0D64187E-63FB-406E-B892-9C3B27BCA9CE}
	EndGlobalSection
EndGlobal
