
Microsoft Visual Studio Solution File, Format Version 12.00
# Visual Studio Version 17
VisualStudioVersion = 17.7.34003.232
MinimumVisualStudioVersion = 10.0.40219.1
Project("{2150E333-8FDC-42A3-9474-1A3956D46DE8}") = "Solution Items", "Solution Items", "{16980A8C-36DD-462E-8785-D07D84202531}"
	ProjectSection(SolutionItems) = preProject
		Requirements.md = Requirements.md
	EndProjectSection
EndProject
Project("{9A19103F-16F7-4668-BE54-9A1E7A4F7556}") = "Assette.Editors.Forms", "Assette.Editors.Forms\Assette.Editors.Forms.csproj", "{B651A41B-835A-404B-B7E9-7D4BE5160028}"
EndProject
Project("{9A19103F-16F7-4668-BE54-9A1E7A4F7556}") = "Assette.Editors.Forms.Api", "Assette.Editors.Forms.Api\Assette.Editors.Forms.Api.csproj", "{5CE103DC-3017-43CE-9221-2CC5B33278E6}"
EndProject
Project("{9A19103F-16F7-4668-BE54-9A1E7A4F7556}") = "Assette.Editors.Forms.Mapper", "Assette.Editors.Forms.Mapper\Assette.Editors.Forms.Mapper.csproj", "{FF4CEF60-F2E1-4FBA-9AAA-26C4AC0CEF86}"
EndProject
Project("{9A19103F-16F7-4668-BE54-9A1E7A4F7556}") = "Assette.Editors.Forms.Test", "Assette.Editors.Forms.Test\Assette.Editors.Forms.Test.csproj", "{B3C5F357-611E-4E9F-8FB6-0A348C82AAD2}"
EndProject
Global
	GlobalSection(SolutionConfigurationPlatforms) = preSolution
		Debug|Any CPU = Debug|Any CPU
		Release|Any CPU = Release|Any CPU
	EndGlobalSection
	GlobalSection(ProjectConfigurationPlatforms) = postSolution
		{B651A41B-835A-404B-B7E9-7D4BE5160028}.Debug|Any CPU.ActiveCfg = Debug|Any CPU
		{B651A41B-835A-404B-B7E9-7D4BE5160028}.Debug|Any CPU.Build.0 = Debug|Any CPU
		{B651A41B-835A-404B-B7E9-7D4BE5160028}.Release|Any CPU.ActiveCfg = Release|Any CPU
		{B651A41B-835A-404B-B7E9-7D4BE5160028}.Release|Any CPU.Build.0 = Release|Any CPU
		{5CE103DC-3017-43CE-9221-2CC5B33278E6}.Debug|Any CPU.ActiveCfg = Debug|Any CPU
		{5CE103DC-3017-43CE-9221-2CC5B33278E6}.Debug|Any CPU.Build.0 = Debug|Any CPU
		{5CE103DC-3017-43CE-9221-2CC5B33278E6}.Release|Any CPU.ActiveCfg = Release|Any CPU
		{5CE103DC-3017-43CE-9221-2CC5B33278E6}.Release|Any CPU.Build.0 = Release|Any CPU
		{FF4CEF60-F2E1-4FBA-9AAA-26C4AC0CEF86}.Debug|Any CPU.ActiveCfg = Debug|Any CPU
		{FF4CEF60-F2E1-4FBA-9AAA-26C4AC0CEF86}.Debug|Any CPU.Build.0 = Debug|Any CPU
		{FF4CEF60-F2E1-4FBA-9AAA-26C4AC0CEF86}.Release|Any CPU.ActiveCfg = Release|Any CPU
		{FF4CEF60-F2E1-4FBA-9AAA-26C4AC0CEF86}.Release|Any CPU.Build.0 = Release|Any CPU
		{B3C5F357-611E-4E9F-8FB6-0A348C82AAD2}.Debug|Any CPU.ActiveCfg = Debug|Any CPU
		{B3C5F357-611E-4E9F-8FB6-0A348C82AAD2}.Debug|Any CPU.Build.0 = Debug|Any CPU
		{B3C5F357-611E-4E9F-8FB6-0A348C82AAD2}.Release|Any CPU.ActiveCfg = Release|Any CPU
		{B3C5F357-611E-4E9F-8FB6-0A348C82AAD2}.Release|Any CPU.Build.0 = Release|Any CPU
	EndGlobalSection
	GlobalSection(SolutionProperties) = preSolution
		HideSolutionNode = FALSE
	EndGlobalSection
	GlobalSection(ExtensibilityGlobals) = postSolution
		SolutionGuid = {0D64187E-63FB-406E-B892-9C3B27BCA9CE}
	EndGlobalSection
EndGlobal
